
Microsoft Visual Studio Solution File, Format Version 12.00
# Visual Studio Version 16
VisualStudioVersion = 16.0.29709.97
MinimumVisualStudioVersion = 10.0.40219.1
Project("{FAE04EC0-301F-11D3-BF4B-00C04F79EFBC}") = "WindowsFormsApp3", "WindowsFormsApp3\WindowsFormsApp3.csproj", "{EDFEB6C9-7EED-4A9E-BEB1-C6EBF8ACCB2A}"
EndProject
Global
	GlobalSection(SolutionConfigurationPlatforms) = preSolution
		Debug|Any CPU = Debug|Any CPU
		Release|Any CPU = Release|Any CPU
	EndGlobalSection
	GlobalSection(ProjectConfigurationPlatforms) = postSolution
		{EDFEB6C9-7EED-4A9E-BEB1-C6EBF8ACCB2A}.Debug|Any CPU.ActiveCfg = Debug|Any CPU
		{EDFEB6C9-7EED-4A9E-BEB1-C6EBF8ACCB2A}.Debug|Any CPU.Build.0 = Debug|Any CPU
		{EDFEB6C9-7EED-4A9E-BEB1-C6EBF8ACCB2A}.Release|Any CPU.ActiveCfg = Release|Any CPU
		{EDFEB6C9-7EED-4A9E-BEB1-C6EBF8ACCB2A}.Release|Any CPU.Build.0 = Release|Any CPU
	EndGlobalSection
	GlobalSection(SolutionProperties) = preSolution
		HideSolutionNode = FALSE
	EndGlobalSection
	GlobalSection(ExtensibilityGlobals) = postSolution
		SolutionGuid = {6281580B-DDDA-4E4A-B4AB-DB2FF7002C74}
	EndGlobalSection
EndGlobal
